// !$*UTF8*$!
{
	archiveVersion = 1;
	classes = {
	};
	objectVersion = 50;
	objects = {

/* Begin PBXBuildFile section */
		59E3329220767C06001D9DCE /* AppDelegate.swift in Sources */ = {isa = PBXBuildFile; fileRef = 59E3329120767C06001D9DCE /* AppDelegate.swift */; };
		59E3329420767C06001D9DCE /* ViewController.swift in Sources */ = {isa = PBXBuildFile; fileRef = 59E3329320767C06001D9DCE /* ViewController.swift */; };
		59E3329720767C06001D9DCE /* Main.storyboard in Resources */ = {isa = PBXBuildFile; fileRef = 59E3329520767C06001D9DCE /* Main.storyboard */; };
		59E3329920767C09001D9DCE /* Assets.xcassets in Resources */ = {isa = PBXBuildFile; fileRef = 59E3329820767C09001D9DCE /* Assets.xcassets */; };
		59E3329C20767C09001D9DCE /* LaunchScreen.storyboard in Resources */ = {isa = PBXBuildFile; fileRef = 59E3329A20767C09001D9DCE /* LaunchScreen.storyboard */; };
		59E332A420768637001D9DCE /* CircularButton.swift in Sources */ = {isa = PBXBuildFile; fileRef = 59E332A320768637001D9DCE /* CircularButton.swift */; };
/* End PBXBuildFile section */

/* Begin PBXFileReference section */
		59E3328E20767C06001D9DCE /* Simon Says.app */ = {isa = PBXFileReference; explicitFileType = wrapper.application; includeInIndex = 0; path = "Simon Says.app"; sourceTree = BUILT_PRODUCTS_DIR; };
		59E3329120767C06001D9DCE /* AppDelegate.swift */ = {isa = PBXFileReference; lastKnownFileType = sourcecode.swift; path = AppDelegate.swift; sourceTree = "<group>"; };
		59E3329320767C06001D9DCE /* ViewController.swift */ = {isa = PBXFileReference; lastKnownFileType = sourcecode.swift; path = ViewController.swift; sourceTree = "<group>"; };
		59E3329620767C06001D9DCE /* Base */ = {isa = PBXFileReference; lastKnownFileType = file.storyboard; name = Base; path = Base.lproj/Main.storyboard; sourceTree = "<group>"; };
		59E3329820767C09001D9DCE /* Assets.xcassets */ = {isa = PBXFileReference; lastKnownFileType = folder.assetcatalog; path = Assets.xcassets; sourceTree = "<group>"; };
		59E3329B20767C09001D9DCE /* Base */ = {isa = PBXFileReference; lastKnownFileType = file.storyboard; name = Base; path = Base.lproj/LaunchScreen.storyboard; sourceTree = "<group>"; };
		59E3329D20767C09001D9DCE /* Info.plist */ = {isa = PBXFileReference; lastKnownFileType = text.plist.xml; path = Info.plist; sourceTree = "<group>"; };
		59E332A320768637001D9DCE /* CircularButton.swift */ = {isa = PBXFileReference; lastKnownFileType = sourcecode.swift; path = CircularButton.swift; sourceTree = "<group>"; };
/* End PBXFileReference section */

/* Begin PBXFrameworksBuildPhase section */
		59E3328B20767C06001D9DCE /* Frameworks */ = {
			isa = PBXFrameworksBuildPhase;
			buildActionMask = 2147483647;
			files = (
			);
			runOnlyForDeploymentPostprocessing = 0;
		};
/* End PBXFrameworksBuildPhase section */

/* Begin PBXGroup section */
		59E3328520767C06001D9DCE = {
			isa = PBXGroup;
			children = (
				59E3329020767C06001D9DCE /* Simon Says */,
				59E3328F20767C06001D9DCE /* Products */,
			);
			sourceTree = "<group>";
		};
		59E3328F20767C06001D9DCE /* Products */ = {
			isa = PBXGroup;
			children = (
				59E3328E20767C06001D9DCE /* Simon Says.app */,
			);
			name = Products;
			sourceTree = "<group>";
		};
		59E3329020767C06001D9DCE /* Simon Says */ = {
			isa = PBXGroup;
			children = (
				59E3329120767C06001D9DCE /* AppDelegate.swift */,
				59E3329320767C06001D9DCE /* ViewController.swift */,
				59E332A320768637001D9DCE /* CircularButton.swift */,
				59E3329520767C06001D9DCE /* Main.storyboard */,
				59E3329820767C09001D9DCE /* Assets.xcassets */,
				59E3329A20767C09001D9DCE /* LaunchScreen.storyboard */,
				59E3329D20767C09001D9DCE /* Info.plist */,
			);
			path = "Simon Says";
			sourceTree = "<group>";
		};
/* End PBXGroup section */

/* Begin PBXNativeTarget section */
		59E3328D20767C06001D9DCE /* Simon Says */ = {
			isa = PBXNativeTarget;
			buildConfigurationList = 59E332A020767C09001D9DCE /* Build configuration list for PBXNativeTarget "Simon Says" */;
			buildPhases = (
				59E3328A20767C06001D9DCE /* Sources */,
				59E3328B20767C06001D9DCE /* Frameworks */,
				59E3328C20767C06001D9DCE /* Resources */,
			);
			buildRules = (
			);
			dependencies = (
			);
			name = "Simon Says";
			productName = "Simon Says";
			productReference = 59E3328E20767C06001D9DCE /* Simon Says.app */;
			productType = "com.apple.product-type.application";
		};
/* End PBXNativeTarget section */

/* Begin PBXProject section */
		59E3328620767C06001D9DCE /* Project object */ = {
			isa = PBXProject;
			attributes = {
				LastSwiftUpdateCheck = 0930;
				LastUpgradeCheck = 0930;
				ORGANIZATIONNAME = Derrick;
				TargetAttributes = {
					59E3328D20767C06001D9DCE = {
						CreatedOnToolsVersion = 9.3;
					};
				};
			};
			buildConfigurationList = 59E3328920767C06001D9DCE /* Build configuration list for PBXProject "Simon Says" */;
			compatibilityVersion = "Xcode 9.3";
			developmentRegion = en;
			hasScannedForEncodings = 0;
			knownRegions = (
				en,
				Base,
			);
			mainGroup = 59E3328520767C06001D9DCE;
			productRefGroup = 59E3328F20767C06001D9DCE /* Products */;
			projectDirPath = "";
			projectRoot = "";
			targets = (
				59E3328D20767C06001D9DCE /* Simon Says */,
			);
		};
/* End PBXProject section */

/* Begin PBXResourcesBuildPhase section */
		59E3328C20767C06001D9DCE /* Resources */ = {
			isa = PBXResourcesBuildPhase;
			buildActionMask = 2147483647;
			files = (
				59E3329C20767C09001D9DCE /* LaunchScreen.storyboard in Resources */,
				59E3329920767C09001D9DCE /* Assets.xcassets in Resources */,
				59E3329720767C06001D9DCE /* Main.storyboard in Resources */,
			);
			runOnlyForDeploymentPostprocessing = 0;
		};
/* End PBXResourcesBuildPhase section */

/* Begin PBXSourcesBuildPhase section */
		59E3328A20767C06001D9DCE /* Sources */ = {
			isa = PBXSourcesBuildPhase;
			buildActionMask = 2147483647;
			files = (
				59E3329420767C06001D9DCE /* ViewController.swift in Sources */,
				59E3329220767C06001D9DCE /* AppDelegate.swift in Sources */,
				59E332A420768637001D9DCE /* CircularButton.swift in Sources */,
			);
			runOnlyForDeploymentPostprocessing = 0;
		};
/* End PBXSourcesBuildPhase section */

/* Begin PBXVariantGroup section */
		59E3329520767C06001D9DCE /* Main.storyboard */ = {
			isa = PBXVariantGroup;
			children = (
				59E3329620767C06001D9DCE /* Base */,
			);
			name = Main.storyboard;
			sourceTree = "<group>";
		};
		59E3329A20767C09001D9DCE /* LaunchScreen.storyboard */ = {
			isa = PBXVariantGroup;
			children = (
				59E3329B20767C09001D9DCE /* Base */,
			);
			name = LaunchScreen.storyboard;
			sourceTree = "<group>";
		};
/* End PBXVariantGroup section */

/* Begin XCBuildConfiguration section */
		59E3329E20767C09001D9DCE /* Debug */ = {
			isa = XCBuildConfiguration;
			buildSettings = {
				ALWAYS_SEARCH_USER_PATHS = NO;
				CLANG_ANALYZER_NONNULL = YES;
				CLANG_ANALYZER_NUMBER_OBJECT_CONVERSION = YES_AGGRESSIVE;
				CLANG_CXX_LANGUAGE_STANDARD = "gnu++14";
				CLANG_CXX_LIBRARY = "libc++";
				CLANG_ENABLE_MODULES = YES;
				CLANG_ENABLE_OBJC_ARC = YES;
				CLANG_ENABLE_OBJC_WEAK = YES;
				CLANG_WARN_BLOCK_CAPTURE_AUTORELEASING = YES;
				CLANG_WARN_BOOL_CONVERSION = YES;
				CLANG_WARN_COMMA = YES;
				CLANG_WARN_CONSTANT_CONVERSION = YES;
				CLANG_WARN_DEPRECATED_OBJC_IMPLEMENTATIONS = YES;
				CLANG_WARN_DIRECT_OBJC_ISA_USAGE = YES_ERROR;
				CLANG_WARN_DOCUMENTATION_COMMENTS = YES;
				CLANG_WARN_EMPTY_BODY = YES;
				CLANG_WARN_ENUM_CONVERSION = YES;
				CLANG_WARN_INFINITE_RECURSION = YES;
				CLANG_WARN_INT_CONVERSION = YES;
				CLANG_WARN_NON_LITERAL_NULL_CONVERSION = YES;
				CLANG_WARN_OBJC_IMPLICIT_RETAIN_SELF = YES;
				CLANG_WARN_OBJC_LITERAL_CONVERSION = YES;
				CLANG_WARN_OBJC_ROOT_CLASS = YES_ERROR;
				CLANG_WARN_RANGE_LOOP_ANALYSIS = YES;
				CLANG_WARN_STRICT_PROTOTYPES = YES;
				CLANG_WARN_SUSPICIOUS_MOVE = YES;
				CLANG_WARN_UNGUARDED_AVAILABILITY = YES_AGGRESSIVE;
				CLANG_WARN_UNREACHABLE_CODE = YES;
				CLANG_WARN__DUPLICATE_METHOD_MATCH = YES;
				CODE_SIGN_IDENTITY = "iPhone Developer";
				COPY_PHASE_STRIP = NO;
				DEBUG_INFORMATION_FORMAT = dwarf;
				ENABLE_STRICT_OBJC_MSGSEND = YES;
				ENABLE_TESTABILITY = YES;
				GCC_C_LANGUAGE_STANDARD = gnu11;
				GCC_DYNAMIC_NO_PIC = NO;
				GCC_NO_COMMON_BLOCKS = YES;
				GCC_OPTIMIZATION_LEVEL = 0;
				GCC_PREPROCESSOR_DEFINITIONS = (
					"DEBUG=1",
					"$(inherited)",
				);
				GCC_WARN_64_TO_32_BIT_CONVERSION = YES;
				GCC_WARN_ABOUT_RETURN_TYPE = YES_ERROR;
				GCC_WARN_UNDECLARED_SELECTOR = YES;
				GCC_WARN_UNINITIALIZED_AUTOS = YES_AGGRESSIVE;
				GCC_WARN_UNUSED_FUNCTION = YES;
				GCC_WARN_UNUSED_VARIABLE = YES;
				IPHONEOS_DEPLOYMENT_TARGET = 11.3;
				MTL_ENABLE_DEBUG_INFO = YES;
				ONLY_ACTIVE_ARCH = YES;
				SDKROOT = iphoneos;
				SWIFT_ACTIVE_COMPILATION_CONDITIONS = DEBUG;
				SWIFT_OPTIMIZATION_LEVEL = "-Onone";
			};
			name = Debug;
		};
		59E3329F20767C09001D9DCE /* Release */ = {
			isa = XCBuildConfiguration;
			buildSettings = {
				ALWAYS_SEARCH_USER_PATHS = NO;
				CLANG_ANALYZER_NONNULL = YES;
				CLANG_ANALYZER_NUMBER_OBJECT_CONVERSION = YES_AGGRESSIVE;
				CLANG_CXX_LANGUAGE_STANDARD = "gnu++14";
				CLANG_CXX_LIBRARY = "libc++";
				CLANG_ENABLE_MODULES = YES;
				CLANG_ENABLE_OBJC_ARC = YES;
				CLANG_ENABLE_OBJC_WEAK = YES;
				CLANG_WARN_BLOCK_CAPTURE_AUTORELEASING = YES;
				CLANG_WARN_BOOL_CONVERSION = YES;
				CLANG_WARN_COMMA = YES;
				CLANG_WARN_CONSTANT_CONVERSION = YES;
				CLANG_WARN_DEPRECATED_OBJC_IMPLEMENTATIONS = YES;
				CLANG_WARN_DIRECT_OBJC_ISA_USAGE = YES_ERROR;
				CLANG_WARN_DOCUMENTATION_COMMENTS = YES;
				CLANG_WARN_EMPTY_BODY = YES;
				CLANG_WARN_ENUM_CONVERSION = YES;
				CLANG_WARN_INFINITE_RECURSION = YES;
				CLANG_WARN_INT_CONVERSION = YES;
				CLANG_WARN_NON_LITERAL_NULL_CONVERSION = YES;
				CLANG_WARN_OBJC_IMPLICIT_RETAIN_SELF = YES;
				CLANG_WARN_OBJC_LITERAL_CONVERSION = YES;
				CLANG_WARN_OBJC_ROOT_CLASS = YES_ERROR;
				CLANG_WARN_RANGE_LOOP_ANALYSIS = YES;
				CLANG_WARN_STRICT_PROTOTYPES = YES;
				CLANG_WARN_SUSPICIOUS_MOVE = YES;
				CLANG_WARN_UNGUARDED_AVAILABILITY = YES_AGGRESSIVE;
				CLANG_WARN_UNREACHABLE_CODE = YES;
				CLANG_WARN__DUPLICATE_METHOD_MATCH = YES;
				CODE_SIGN_IDENTITY = "iPhone Developer";
				COPY_PHASE_STRIP = NO;
				DEBUG_INFORMATION_FORMAT = "dwarf-with-dsym";
				ENABLE_NS_ASSERTIONS = NO;
				ENABLE_STRICT_OBJC_MSGSEND = YES;
				GCC_C_LANGUAGE_STANDARD = gnu11;
				GCC_NO_COMMON_BLOCKS = YES;
				GCC_WARN_64_TO_32_BIT_CONVERSION = YES;
				GCC_WARN_ABOUT_RETURN_TYPE = YES_ERROR;
				GCC_WARN_UNDECLARED_SELECTOR = YES;
				GCC_WARN_UNINITIALIZED_AUTOS = YES_AGGRESSIVE;
				GCC_WARN_UNUSED_FUNCTION = YES;
				GCC_WARN_UNUSED_VARIABLE = YES;
				IPHONEOS_DEPLOYMENT_TARGET = 11.3;
				MTL_ENABLE_DEBUG_INFO = NO;
				SDKROOT = iphoneos;
				SWIFT_COMPILATION_MODE = wholemodule;
				SWIFT_OPTIMIZATION_LEVEL = "-O";
				VALIDATE_PRODUCT = YES;
			};
			name = Release;
		};
		59E332A120767C09001D9DCE /* Debug */ = {
			isa = XCBuildConfiguration;
			buildSettings = {
				ASSETCATALOG_COMPILER_APPICON_NAME = AppIcon;
				CODE_SIGN_STYLE = Automatic;
				DEVELOPMENT_TEAM = GT65DKMN3W;
				INFOPLIST_FILE = "Simon Says/Info.plist";
				LD_RUNPATH_SEARCH_PATHS = (
					"$(inherited)",
					"@executable_path/Frameworks",
				);
				PRODUCT_BUNDLE_IDENTIFIER = "com.derrickcodlyn.Simon-Says";
				PRODUCT_NAME = "$(TARGET_NAME)";
				SWIFT_VERSION = 4.0;
				TARGETED_DEVICE_FAMILY = "1,2";
			};
			name = Debug;
		};
		59E332A220767C09001D9DCE /* Release */ = {
			isa = XCBuildConfiguration;
			buildSettings = {
				ASSETCATALOG_COMPILER_APPICON_NAME = AppIcon;
				CODE_SIGN_STYLE = Automatic;
				DEVELOPMENT_TEAM = GT65DKMN3W;
				INFOPLIST_FILE = "Simon Says/Info.plist";
				LD_RUNPATH_SEARCH_PATHS = (
					"$(inherited)",
					"@executable_path/Frameworks",
				);
				PRODUCT_BUNDLE_IDENTIFIER = "com.derrickcodlyn.Simon-Says";
				PRODUCT_NAME = "$(TARGET_NAME)";
				SWIFT_VERSION = 4.0;
				TARGETED_DEVICE_FAMILY = "1,2";
			};
			name = Release;
		};
/* End XCBuildConfiguration section */

/* Begin XCConfigurationList section */
		59E3328920767C06001D9DCE /* Build configuration list for PBXProject "Simon Says" */ = {
			isa = XCConfigurationList;
			buildConfigurations = (
				59E3329E20767C09001D9DCE /* Debug */,
				59E3329F20767C09001D9DCE /* Release */,
			);
			defaultConfigurationIsVisible = 0;
			defaultConfigurationName = Release;
		};
		59E332A020767C09001D9DCE /* Build configuration list for PBXNativeTarget "Simon Says" */ = {
			isa = XCConfigurationList;
			buildConfigurations = (
				59E332A120767C09001D9DCE /* Debug */,
				59E332A220767C09001D9DCE /* Release */,
			);
			defaultConfigurationIsVisible = 0;
			defaultConfigurationName = Release;
		};
/* End XCConfigurationList section */
	};
	rootObject = 59E3328620767C06001D9DCE /* Project object */;
}
